{
  "lockfileVersion": 1,
  "workspaces": {
    "": {
      "name": "matcher",
      "dependencies": {
        "@ai-sdk/google": "^2.0.12",
        "@instantdb/admin": "^0.21.13",
        "@instantdb/core": "^0.21.13",
        "ai": "^5.0.34",
        "dotenv": "^17.2.2",
        "zod": "^4.1.5",
      },
      "devDependencies": {
        "@types/bun": "latest",
      },
      "peerDependencies": {
        "typescript": "^5",
      },
    },
  },
  "packages": {
    "@ai-sdk/gateway": ["@ai-sdk/gateway@1.0.19", "", { "dependencies": { "@ai-sdk/provider": "2.0.0", "@ai-sdk/provider-utils": "3.0.8" }, "peerDependencies": { "zod": "^3.25.76 || ^4" } }, "sha512-TYLxx8Sclr/RdB0RIwGmA8OtJtyJxoPGtrTYgwrbzM2GdtwYtUuA/UIc4tZyCeyR1ujfqjbqiIF3kB54zGRD3A=="],

    "@ai-sdk/google": ["@ai-sdk/google@2.0.12", "", { "dependencies": { "@ai-sdk/provider": "2.0.0", "@ai-sdk/provider-utils": "3.0.8" }, "peerDependencies": { "zod": "^3.25.76 || ^4" } }, "sha512-BH3w0hPddNo82okuF/UmCZreKibUSDTW/SED0sBWlrj16S9/H/Urzf4mBwwT419kVenb8XvO55KJ6Byc8ONNXQ=="],

    "@ai-sdk/provider": ["@ai-sdk/provider@2.0.0", "", { "dependencies": { "json-schema": "^0.4.0" } }, "sha512-6o7Y2SeO9vFKB8lArHXehNuusnpddKPk7xqL7T2/b+OvXMRIXUO1rR4wcv1hAFUAT9avGZshty3Wlua/XA7TvA=="],

    "@ai-sdk/provider-utils": ["@ai-sdk/provider-utils@3.0.8", "", { "dependencies": { "@ai-sdk/provider": "2.0.0", "@standard-schema/spec": "^1.0.0", "eventsource-parser": "^3.0.5" }, "peerDependencies": { "zod": "^3.25.76 || ^4" } }, "sha512-cDj1iigu7MW2tgAQeBzOiLhjHOUM9vENsgh4oAVitek0d//WdgfPCsKO3euP7m7LyO/j9a1vr/So+BGNdpFXYw=="],

    "@instantdb/admin": ["@instantdb/admin@0.21.13", "", { "dependencies": { "@instantdb/core": "v0.21.13", "@instantdb/version": "v0.21.13", "eventsource": "^4.0.0" } }, "sha512-dlxw+uJFAephQV4fcSPoEVYREbSaw5/9dQXtxQmvcWUIEX0i/lLyil9AV+nHLfD3gcKkzjeILJbFILytholGXQ=="],

    "@instantdb/core": ["@instantdb/core@0.21.13", "", { "dependencies": { "@instantdb/version": "v0.21.13", "mutative": "^1.0.10", "uuid": "^11.1.0" } }, "sha512-TtiXU4iV8ASTz+usviHupN85ZNGvMMVG4y4ADvzrwwx0Rif1aoRaKMnhffgOKXJK+bfQH6RKN/p5jODEwhVV/A=="],

    "@instantdb/version": ["@instantdb/version@0.21.13", "", {}, "sha512-7sJzQpfipsZdlR0m8xGgjQx9toHooJ132JvkiH4bPFRKXsi5W8ACfvRPJVy8MnWq9qInR0C5JB3cHtjDruApuA=="],

    "@opentelemetry/api": ["@opentelemetry/api@1.9.0", "", {}, "sha512-3giAOQvZiH5F9bMlMiv8+GSPMeqg0dbaeo58/0SlA9sxSqZhnUtxzX9/2FzyhS9sWQf5S0GJE0AKBrFqjpeYcg=="],

    "@standard-schema/spec": ["@standard-schema/spec@1.0.0", "", {}, "sha512-m2bOd0f2RT9k8QJx1JN85cZYyH1RqFBdlwtkSlf4tBDYLCiiZnv1fIIwacK6cqwXavOydf0NPToMQgpKq+dVlA=="],

    "@types/bun": ["@types/bun@1.2.21", "", { "dependencies": { "bun-types": "1.2.21" } }, "sha512-NiDnvEqmbfQ6dmZ3EeUO577s4P5bf4HCTXtI6trMc6f6RzirY5IrF3aIookuSpyslFzrnvv2lmEWv5HyC1X79A=="],

    "@types/node": ["@types/node@24.3.1", "", { "dependencies": { "undici-types": "~7.10.0" } }, "sha512-3vXmQDXy+woz+gnrTvuvNrPzekOi+Ds0ReMxw0LzBiK3a+1k0kQn9f2NWk+lgD4rJehFUmYy2gMhJ2ZI+7YP9g=="],

    "@types/react": ["@types/react@19.1.12", "", { "dependencies": { "csstype": "^3.0.2" } }, "sha512-cMoR+FoAf/Jyq6+Df2/Z41jISvGZZ2eTlnsaJRptmZ76Caldwy1odD4xTr/gNV9VLj0AWgg/nmkevIyUfIIq5w=="],

    "ai": ["ai@5.0.34", "", { "dependencies": { "@ai-sdk/gateway": "1.0.19", "@ai-sdk/provider": "2.0.0", "@ai-sdk/provider-utils": "3.0.8", "@opentelemetry/api": "1.9.0" }, "peerDependencies": { "zod": "^3.25.76 || ^4" } }, "sha512-ouReddlmQ8ihFwY+g8fJP7u64l7uCPnJSK9R6kTiyTJ3VvztcH1HrYXqG8+XEzBVLJKJmUoYxY1gkFdwMdF8wQ=="],

    "bun-types": ["bun-types@1.2.21", "", { "dependencies": { "@types/node": "*" }, "peerDependencies": { "@types/react": "^19" } }, "sha512-sa2Tj77Ijc/NTLS0/Odjq/qngmEPZfbfnOERi0KRUYhT9R8M4VBioWVmMWE5GrYbKMc+5lVybXygLdibHaqVqw=="],

    "csstype": ["csstype@3.1.3", "", {}, "sha512-M1uQkMl8rQK/szD0LNhtqxIPLpimGm8sOBwU7lLnCpSbTyY3yeU1Vc7l4KT5zT4s/yOxHH5O7tIuuLOCnLADRw=="],

    "dotenv": ["dotenv@17.2.2", "", {}, "sha512-Sf2LSQP+bOlhKWWyhFsn0UsfdK/kCWRv1iuA2gXAwt3dyNabr6QSj00I2V10pidqz69soatm9ZwZvpQMTIOd5Q=="],

    "eventsource": ["eventsource@4.0.0", "", { "dependencies": { "eventsource-parser": "^3.0.1" } }, "sha512-fvIkb9qZzdMxgZrEQDyll+9oJsyaVvY92I2Re+qK0qEJ+w5s0X3dtz+M0VAPOjP1gtU3iqWyjQ0G3nvd5CLZ2g=="],

    "eventsource-parser": ["eventsource-parser@3.0.6", "", {}, "sha512-Vo1ab+QXPzZ4tCa8SwIHJFaSzy4R6SHf7BY79rFBDf0idraZWAkYrDjDj8uWaSm3S2TK+hJ7/t1CEmZ7jXw+pg=="],

    "json-schema": ["json-schema@0.4.0", "", {}, "sha512-es94M3nTIfsEPisRafak+HDLfHXnKBhV3vU5eqPcS3flIWqcxJWgXHXiey3YrpaNsanY5ei1VoYEbOzijuq9BA=="],

    "mutative": ["mutative@1.2.0", "", {}, "sha512-1muFw45Lwjso6TSBGiXfbjKS01fVSD/qaqBfTo/gXgp79e8KM4Sa1XP/S4iN2/DvSdIZgjFJI+JIhC7eKf3GTg=="],

    "typescript": ["typescript@5.9.2", "", { "bin": { "tsc": "bin/tsc", "tsserver": "bin/tsserver" } }, "sha512-CWBzXQrc/qOkhidw1OzBTQuYRbfyxDXJMVJ1XNwUHGROVmuaeiEm3OslpZ1RV96d7SKKjZKrSJu3+t/xlw3R9A=="],

    "undici-types": ["undici-types@7.10.0", "", {}, "sha512-t5Fy/nfn+14LuOc2KNYg75vZqClpAiqscVvMygNnlsHBFpSXdJaYtXMcdNLpl/Qvc3P2cB3s6lOV51nqsFq4ag=="],

    "uuid": ["uuid@11.1.0", "", { "bin": { "uuid": "dist/esm/bin/uuid" } }, "sha512-0/A9rDy9P7cJ+8w1c9WD9V//9Wj15Ce2MPz8Ri6032usz+NfePxx5AcN3bN+r6ZL6jEo066/yNYB3tn4pQEx+A=="],

    "zod": ["zod@4.1.5", "", {}, "sha512-rcUUZqlLJgBC33IT3PNMgsCq6TzLQEG/Ei/KTCU0PedSWRMAXoOUN+4t/0H+Q8bdnLPdqUYnvboJT0bn/229qg=="],
  }
}
